
Microsoft Visual Studio Solution File, Format Version 12.00
# Visual Studio Version 16
VisualStudioVersion = 16.0.33130.400
MinimumVisualStudioVersion = 10.0.40219.1
Project("{FAE04EC0-301F-11D3-BF4B-00C04F79EFBC}") = "Calculator", "Calculator\Calculator.csproj", "{90A0737D-E597-49F2-B6F6-A8BFB91EC3B4}"
EndProject
Project("{FAE04EC0-301F-11D3-BF4B-00C04F79EFBC}") = "CalculatorTester", "CalculatorTester\CalculatorTester.csproj", "{C5287DBA-5E10-4D7C-975A-390D699C189D}"
EndProject
Global
	GlobalSection(SolutionConfigurationPlatforms) = preSolution
		Debug|Any CPU = Debug|Any CPU
		Release|Any CPU = Release|Any CPU
	EndGlobalSection
	GlobalSection(ProjectConfigurationPlatforms) = postSolution
		{90A0737D-E597-49F2-B6F6-A8BFB91EC3B4}.Debug|Any CPU.ActiveCfg = Debug|Any CPU
		{90A0737D-E597-49F2-B6F6-A8BFB91EC3B4}.Debug|Any CPU.Build.0 = Debug|Any CPU
		{90A0737D-E597-49F2-B6F6-A8BFB91EC3B4}.Release|Any CPU.ActiveCfg = Release|Any CPU
		{90A0737D-E597-49F2-B6F6-A8BFB91EC3B4}.Release|Any CPU.Build.0 = Release|Any CPU
		{C5287DBA-5E10-4D7C-975A-390D699C189D}.Debug|Any CPU.ActiveCfg = Debug|Any CPU
		{C5287DBA-5E10-4D7C-975A-390D699C189D}.Debug|Any CPU.Build.0 = Debug|Any CPU
		{C5287DBA-5E10-4D7C-975A-390D699C189D}.Release|Any CPU.ActiveCfg = Release|Any CPU
		{C5287DBA-5E10-4D7C-975A-390D699C189D}.Release|Any CPU.Build.0 = Release|Any CPU
	EndGlobalSection
	GlobalSection(SolutionProperties) = preSolution
		HideSolutionNode = FALSE
	EndGlobalSection
	GlobalSection(ExtensibilityGlobals) = postSolution
		SolutionGuid = {EE5E9D6E-B23F-4480-ACBA-A7DAD3D79A10}
	EndGlobalSection
EndGlobal
